<?xml version="1.0" encoding="utf-8"?>
<Project ToolsVersion="4.0" xmlns="http://schemas.microsoft.com/developer/msbuild/2003">
  <ItemGroup>
    <Filter Include="Header Files">
      <UniqueIdentifier>{93995380-89BD-4b04-88EB-625FBE52EBFB}</UniqueIdentifier>
      <Extensions>h;hh;hpp;hxx;hm;inl;inc;ipp;xsd</Extensions>
    </Filter>
    <Filter Include="Resource Files">
      <UniqueIdentifier>{67DA6AB6-F800-4c08-8B7A-83BB121AAD01}</UniqueIdentifier>
      <Extensions>rc;ico;cur;bmp;dlg;rc2;rct;bin;rgs;gif;jpg;jpeg;jpe;resx;tiff;tif;png;wav;mfcribbon-ms</Extensions>
    </Filter>
    <Filter Include="Source Files">
      <UniqueIdentifier>{4FC737F1-C7A5-4376-A066-2A32D752A2FF}</UniqueIdentifier>
      <Extensions>cpp;c;cc;cxx;def;odl;idl;hpj;bat;asm;asmx</Extensions>
    </Filter>
    <Filter Include="Header Files\interfaces">
      <UniqueIdentifier>{425f741c-9536-465e-9511-631677c95834}</UniqueIdentifier>
    </Filter>
    <Filter Include="Source Files\imgui">
      <UniqueIdentifier>{619bf0e6-43b6-4a9f-9201-880a3f20d2a7}</UniqueIdentifier>
    </Filter>
    <Filter Include="Header Files\sounds">
      <UniqueIdentifier>{218928fd-a76c-42e3-ae97-67d7f310dba1}</UniqueIdentifier>
    </Filter>
  </ItemGroup>
  <ItemGroup>
    <ClInclude Include="hooks.h">
      <Filter>Header Files</Filter>
    </ClInclude>
    <ClInclude Include="vector3.h">
      <Filter>Header Files</Filter>
    </ClInclude>
    <ClInclude Include="user_cmd_t.h">
      <Filter>Header Files</Filter>
    </ClInclude>
    <ClInclude Include="sdk.h">
      <Filter>Header Files</Filter>
    </ClInclude>
    <ClInclude Include="drawing.h">
      <Filter>Header Files</Filter>
    </ClInclude>
    <ClInclude Include="settings.h">
      <Filter>Header Files</Filter>
    </ClInclude>
    <ClInclude Include="client.h">
      <Filter>Header Files\interfaces</Filter>
    </ClInclude>
    <ClInclude Include="client_entity_list.h">
      <Filter>Header Files\interfaces</Filter>
    </ClInclude>
    <ClInclude Include="engine_client.h">
      <Filter>Header Files\interfaces</Filter>
    </ClInclude>
    <ClInclude Include="panel.h">
      <Filter>Header Files\interfaces</Filter>
    </ClInclude>
    <ClInclude Include="client_mode.h">
      <Filter>Header Files\interfaces</Filter>
    </ClInclude>
    <ClInclude Include="vgui_surface.h">
      <Filter>Header Files\interfaces</Filter>
    </ClInclude>
    <ClInclude Include="vector2.h">
      <Filter>Header Files</Filter>
    </ClInclude>
    <ClInclude Include="matrix3x4.h">
      <Filter>Header Files</Filter>
    </ClInclude>
    <ClInclude Include="offsets.h">
      <Filter>Header Files</Filter>
    </ClInclude>
    <ClInclude Include="aimbot.h">
      <Filter>Header Files</Filter>
    </ClInclude>
    <ClInclude Include="bunny_hop.h">
      <Filter>Header Files</Filter>
    </ClInclude>
    <ClInclude Include="recoil_control.h">
      <Filter>Header Files</Filter>
    </ClInclude>
    <ClInclude Include="math.h">
      <Filter>Header Files</Filter>
    </ClInclude>
    <ClInclude Include="const.h">
      <Filter>Header Files</Filter>
    </ClInclude>
    <ClInclude Include="view_setup.h">
      <Filter>Header Files</Filter>
    </ClInclude>
    <ClInclude Include="global_vars_base.h">
      <Filter>Header Files\interfaces</Filter>
    </ClInclude>
    <ClInclude Include="debug_overlay.h">
      <Filter>Header Files</Filter>
    </ClInclude>
    <ClInclude Include="esp.h">
      <Filter>Header Files</Filter>
    </ClInclude>
    <ClInclude Include="color.h">
      <Filter>Header Files</Filter>
    </ClInclude>
    <ClInclude Include="input_system.h">
      <Filter>Header Files\interfaces</Filter>
    </ClInclude>
    <ClInclude Include="anti_aim.h">
      <Filter>Header Files</Filter>
    </ClInclude>
    <ClInclude Include="sounds\siegheil.h">
      <Filter>Header Files\sounds</Filter>
    </ClInclude>
    <ClInclude Include="fake_lag.h">
      <Filter>Header Files</Filter>
    </ClInclude>
    <ClInclude Include="triggerbot.h">
      <Filter>Header Files</Filter>
    </ClInclude>
    <ClInclude Include="engine_trace.h">
      <Filter>Header Files</Filter>
    </ClInclude>
    <ClInclude Include="visible_check.h">
      <Filter>Header Files</Filter>
    </ClInclude>
    <ClInclude Include="backtrack.h">
      <Filter>Header Files</Filter>
    </ClInclude>
    <ClInclude Include="center_print.h">
      <Filter>Header Files\interfaces</Filter>
    </ClInclude>
    <ClInclude Include="radar.h">
      <Filter>Header Files</Filter>
    </ClInclude>
    <ClInclude Include="..\..\..\..\..\..\KaninSDK\detour_hook.h">
      <Filter>Header Files</Filter>
    </ClInclude>
    <ClInclude Include="..\..\..\..\..\..\KaninSDK\virtual_table_functions.h">
      <Filter>Header Files</Filter>
    </ClInclude>
    <ClInclude Include="..\..\..\..\..\..\KaninSDK\virtual_table_pointer_swap_hook.h">
      <Filter>Header Files</Filter>
    </ClInclude>
    <ClInclude Include="material_system.h">
      <Filter>Header Files\interfaces</Filter>
    </ClInclude>
    <ClInclude Include="material.h">
      <Filter>Header Files</Filter>
    </ClInclude>
    <ClInclude Include="remove_sight_blur.h">
      <Filter>Header Files</Filter>
    </ClInclude>
    <ClInclude Include="cheat_server.h">
      <Filter>Header Files</Filter>
    </ClInclude>
    <ClInclude Include="server_functions.h">
      <Filter>Header Files</Filter>
    </ClInclude>
    <ClInclude Include="..\..\..\..\..\..\KaninSDK\vectored_exception_handling_hook.h">
      <Filter>Header Files</Filter>
    </ClInclude>
    <ClInclude Include="models.h">
      <Filter>Header Files\interfaces</Filter>
    </ClInclude>
    <ClInclude Include="movement_fix.h">
      <Filter>Header Files</Filter>
    </ClInclude>
    <ClInclude Include="entity.h">
      <Filter>Header Files</Filter>
    </ClInclude>
    <ClInclude Include="hud_texture.h">
      <Filter>Header Files</Filter>
    </ClInclude>
    <ClInclude Include="pch.h">
      <Filter>Header Files</Filter>
    </ClInclude>
  </ItemGroup>
  <ItemGroup>
    <ClCompile Include="Source.cpp">
      <Filter>Source Files</Filter>
    </ClCompile>
    <ClCompile Include="pch.cpp">
      <Filter>Source Files</Filter>
    </ClCompile>
    <ClCompile Include="E:\SDK\imgui\misc\fonts\binary_to_compressed_c.cpp">
      <Filter>Source Files\imgui</Filter>
    </ClCompile>
    <ClCompile Include="E:\SDK\imgui\imgui.cpp">
      <Filter>Source Files\imgui</Filter>
    </ClCompile>
    <ClCompile Include="E:\SDK\imgui\imgui_demo.cpp">
      <Filter>Source Files\imgui</Filter>
    </ClCompile>
    <ClCompile Include="E:\SDK\imgui\imgui_draw.cpp">
      <Filter>Source Files\imgui</Filter>
    </ClCompile>
    <ClCompile Include="E:\SDK\imgui\imgui_widgets.cpp">
      <Filter>Source Files\imgui</Filter>
    </ClCompile>
    <ClCompile Include="E:\SDK\imgui\examples\imgui_impl_dx9.cpp">
      <Filter>Source Files\imgui</Filter>
    </ClCompile>
    <ClCompile Include="E:\SDK\imgui\examples\imgui_impl_win32.cpp">
      <Filter>Source Files\imgui</Filter>
    </ClCompile>
  </ItemGroup>
</Project>